github.com/coreos/bbolt v1.3.1-coreos.6.0.20180223184059-4f5275f4ebbf/go.mod h1:iRUV2dpdMOn7Bo10OQBFzIJO9kkE559Wcmn+qkEiiKk=
github.com/jessevdk/go-flags v0.0.0-20150816100521-1acbbaff2f34/go.mod h1:4FA24M0QyGHXBuZZK/XkWh8h0e1EYbRYJSGM75WSRxI=
github.com/julienschmidt/httprouter v1.3.0 h1:U0609e9tgbseu3rBINet9P48AI/D3oJs4dN7jwJOQ1U=
github.com/julienschmidt/httprouter v1.3.0/go.mod h1:JR6WtHb+2LUe8TCKY3cZOxFyyO8IZAc4RVcycCCAKdM=
github.com/kelseyhightower/envconfig v1.4.0 h1:Im6hONhd3pLkfDFsbRgu68RDNkGF1r3dvMUtDTo2cv8=
github.com/kelseyhightower/envconfig v1.4.0/go.mod h1:cccZRl6mQpaq41TPp5QxidR+Sa3axMbJDNb//FQX6Gg=
github.com/mattn/go-isatty v0.0.12/go.mod h1:cbi8OIDigv2wuxKPP5vlRcQ1OAZbq2CE4Kysco4FUpU=
github.com/sabhiram/go-colorize v0.0.0-20210403184538-366f55d711cf/go.mod h1:GvlEbMJBpbAXFn06UajbdBlGZ18iLvHyuIrgG//L8uk=
github.com/sabhiram/go-wol v0.0.0-20210403190411-d6d48113fcac h1:fAawQP2Eq6R1mho0TTdelS9b0zexZJQiO0U3IgBmgXE=
github.com/sabhiram/go-wol v0.0.0-20210403190411-d6d48113fcac/go.mod h1:sppInrFSFmogcd2LmbYdcbXE+wbV3MjNcp3doz3SVpI=
github.com/stretchr/testify v0.0.0-20150929183540-2b15294402a8/go.mod h1:a8OnRcib4nhh0OaRAV+Yts87kKdq0PP7pXfy6kDkUVs=
golang.org/x/sys v0.0.0-20200116001909-b77594299b42/go.mod h1:h1NjWce9XRLGQEsW7wpKNCjG9DtNlClVuFLEZdDNbEs=
golang.org/x/sys v0.0.0-20210403161142-5e06dd20ab57/go.mod h1:h1NjWce9XRLGQEsW7wpKNCjG9DtNlClVuFLEZdDNbEs=
